{
    "requires": true,
    "lockfileVersion": 1,
    "dependencies": {
        "ckeditor": {
            "version": "4.8.0",
            "resolved": "https://registry.npmjs.org/ckeditor/-/ckeditor-4.8.0.tgz",
            "integrity": "sha1-XUUPoCpo1aFDz1YZdU+/DATK1CY="
        },
        "speakingurl": {
            "version": "14.0.1",
            "resolved": "https://registry.npmjs.org/speakingurl/-/speakingurl-14.0.1.tgz",
            "integrity": "sha512-1POYv7uv2gXoyGFpBCmpDVSNV74IfsWlDW216UPjbWufNf+bSU6GdbDsxdcxtfwb4xlI3yxzOTKClUosxARYrQ=="
        }
    }
}
